// !$*UTF8*$!
{
	archiveVersion = 1;
	classes = {
	};
	objectVersion = 50;
	objects = {

/* Begin PBXBuildFile section */
		10E5353125D58FCA00B2AF0A /* AppDelegate.swift in Sources */ = {isa = PBXBuildFile; fileRef = 10E5353025D58FCA00B2AF0A /* AppDelegate.swift */; };
		10E5353325D58FCA00B2AF0A /* art.scnassets in Resources */ = {isa = PBXBuildFile; fileRef = 10E5353225D58FCA00B2AF0A /* art.scnassets */; };
		10E5353525D58FCA00B2AF0A /* ViewController.swift in Sources */ = {isa = PBXBuildFile; fileRef = 10E5353425D58FCA00B2AF0A /* ViewController.swift */; };
		10E5353825D58FCA00B2AF0A /* Main.storyboard in Resources */ = {isa = PBXBuildFile; fileRef = 10E5353625D58FCA00B2AF0A /* Main.storyboard */; };
		10E5353A25D58FCA00B2AF0A /* Assets.xcassets in Resources */ = {isa = PBXBuildFile; fileRef = 10E5353925D58FCA00B2AF0A /* Assets.xcassets */; };
		10E5353D25D58FCA00B2AF0A /* LaunchScreen.storyboard in Resources */ = {isa = PBXBuildFile; fileRef = 10E5353B25D58FCA00B2AF0A /* LaunchScreen.storyboard */; };
		10E5354625D59ECC00B2AF0A /* scientists.json in Resources */ = {isa = PBXBuildFile; fileRef = 10E5354525D59ECC00B2AF0A /* scientists.json */; };
		10E5354925D5A37F00B2AF0A /* Scientist.swift in Sources */ = {isa = PBXBuildFile; fileRef = 10E5354825D5A37F00B2AF0A /* Scientist.swift */; };
/* End PBXBuildFile section */

/* Begin PBXFileReference section */
		10E5352D25D58FCA00B2AF0A /* ARScientistRecog.app */ = {isa = PBXFileReference; explicitFileType = wrapper.application; includeInIndex = 0; path = ARScientistRecog.app; sourceTree = BUILT_PRODUCTS_DIR; };
		10E5353025D58FCA00B2AF0A /* AppDelegate.swift */ = {isa = PBXFileReference; lastKnownFileType = sourcecode.swift; path = AppDelegate.swift; sourceTree = "<group>"; };
		10E5353225D58FCA00B2AF0A /* art.scnassets */ = {isa = PBXFileReference; lastKnownFileType = wrapper.scnassets; path = art.scnassets; sourceTree = "<group>"; };
		10E5353425D58FCA00B2AF0A /* ViewController.swift */ = {isa = PBXFileReference; lastKnownFileType = sourcecode.swift; path = ViewController.swift; sourceTree = "<group>"; };
		10E5353725D58FCA00B2AF0A /* Base */ = {isa = PBXFileReference; lastKnownFileType = file.storyboard; name = Base; path = Base.lproj/Main.storyboard; sourceTree = "<group>"; };
		10E5353925D58FCA00B2AF0A /* Assets.xcassets */ = {isa = PBXFileReference; lastKnownFileType = folder.assetcatalog; path = Assets.xcassets; sourceTree = "<group>"; };
		10E5353C25D58FCA00B2AF0A /* Base */ = {isa = PBXFileReference; lastKnownFileType = file.storyboard; name = Base; path = Base.lproj/LaunchScreen.storyboard; sourceTree = "<group>"; };
		10E5353E25D58FCA00B2AF0A /* Info.plist */ = {isa = PBXFileReference; lastKnownFileType = text.plist.xml; path = Info.plist; sourceTree = "<group>"; };
		10E5354525D59ECC00B2AF0A /* scientists.json */ = {isa = PBXFileReference; fileEncoding = 4; lastKnownFileType = text.json; path = scientists.json; sourceTree = "<group>"; };
		10E5354825D5A37F00B2AF0A /* Scientist.swift */ = {isa = PBXFileReference; lastKnownFileType = sourcecode.swift; path = Scientist.swift; sourceTree = "<group>"; };
/* End PBXFileReference section */

/* Begin PBXFrameworksBuildPhase section */
		10E5352A25D58FCA00B2AF0A /* Frameworks */ = {
			isa = PBXFrameworksBuildPhase;
			buildActionMask = 2147483647;
			files = (
			);
			runOnlyForDeploymentPostprocessing = 0;
		};
/* End PBXFrameworksBuildPhase section */

/* Begin PBXGroup section */
		10E5352425D58FCA00B2AF0A = {
			isa = PBXGroup;
			children = (
				10E5352F25D58FCA00B2AF0A /* ARScientistRecog */,
				10E5352E25D58FCA00B2AF0A /* Products */,
			);
			sourceTree = "<group>";
		};
		10E5352E25D58FCA00B2AF0A /* Products */ = {
			isa = PBXGroup;
			children = (
				10E5352D25D58FCA00B2AF0A /* ARScientistRecog.app */,
			);
			name = Products;
			sourceTree = "<group>";
		};
		10E5352F25D58FCA00B2AF0A /* ARScientistRecog */ = {
			isa = PBXGroup;
			children = (
				10E5353025D58FCA00B2AF0A /* AppDelegate.swift */,
				10E5353225D58FCA00B2AF0A /* art.scnassets */,
				10E5353425D58FCA00B2AF0A /* ViewController.swift */,
				10E5353625D58FCA00B2AF0A /* Main.storyboard */,
				10E5353925D58FCA00B2AF0A /* Assets.xcassets */,
				10E5353B25D58FCA00B2AF0A /* LaunchScreen.storyboard */,
				10E5353E25D58FCA00B2AF0A /* Info.plist */,
				10E5354525D59ECC00B2AF0A /* scientists.json */,
				10E5354825D5A37F00B2AF0A /* Scientist.swift */,
			);
			path = ARScientistRecog;
			sourceTree = "<group>";
		};
/* End PBXGroup section */

/* Begin PBXNativeTarget section */
		10E5352C25D58FCA00B2AF0A /* ARScientistRecog */ = {
			isa = PBXNativeTarget;
			buildConfigurationList = 10E5354125D58FCA00B2AF0A /* Build configuration list for PBXNativeTarget "ARScientistRecog" */;
			buildPhases = (
				10E5352925D58FCA00B2AF0A /* Sources */,
				10E5352A25D58FCA00B2AF0A /* Frameworks */,
				10E5352B25D58FCA00B2AF0A /* Resources */,
			);
			buildRules = (
			);
			dependencies = (
			);
			name = ARScientistRecog;
			productName = ARScientistRecog;
			productReference = 10E5352D25D58FCA00B2AF0A /* ARScientistRecog.app */;
			productType = "com.apple.product-type.application";
		};
/* End PBXNativeTarget section */

/* Begin PBXProject section */
		10E5352525D58FCA00B2AF0A /* Project object */ = {
			isa = PBXProject;
			attributes = {
				LastSwiftUpdateCheck = 1240;
				LastUpgradeCheck = 1240;
				TargetAttributes = {
					10E5352C25D58FCA00B2AF0A = {
						CreatedOnToolsVersion = 12.4;
					};
				};
			};
			buildConfigurationList = 10E5352825D58FCA00B2AF0A /* Build configuration list for PBXProject "ARScientistRecog" */;
			compatibilityVersion = "Xcode 9.3";
			developmentRegion = en;
			hasScannedForEncodings = 0;
			knownRegions = (
				en,
				Base,
			);
			mainGroup = 10E5352425D58FCA00B2AF0A;
			productRefGroup = 10E5352E25D58FCA00B2AF0A /* Products */;
			projectDirPath = "";
			projectRoot = "";
			targets = (
				10E5352C25D58FCA00B2AF0A /* ARScientistRecog */,
			);
		};
/* End PBXProject section */

/* Begin PBXResourcesBuildPhase section */
		10E5352B25D58FCA00B2AF0A /* Resources */ = {
			isa = PBXResourcesBuildPhase;
			buildActionMask = 2147483647;
			files = (
				10E5354625D59ECC00B2AF0A /* scientists.json in Resources */,
				10E5353325D58FCA00B2AF0A /* art.scnassets in Resources */,
				10E5353D25D58FCA00B2AF0A /* LaunchScreen.storyboard in Resources */,
				10E5353A25D58FCA00B2AF0A /* Assets.xcassets in Resources */,
				10E5353825D58FCA00B2AF0A /* Main.storyboard in Resources */,
			);
			runOnlyForDeploymentPostprocessing = 0;
		};
/* End PBXResourcesBuildPhase section */

/* Begin PBXSourcesBuildPhase section */
		10E5352925D58FCA00B2AF0A /* Sources */ = {
			isa = PBXSourcesBuildPhase;
			buildActionMask = 2147483647;
			files = (
				10E5353525D58FCA00B2AF0A /* ViewController.swift in Sources */,
				10E5354925D5A37F00B2AF0A /* Scientist.swift in Sources */,
				10E5353125D58FCA00B2AF0A /* AppDelegate.swift in Sources */,
			);
			runOnlyForDeploymentPostprocessing = 0;
		};
/* End PBXSourcesBuildPhase section */

/* Begin PBXVariantGroup section */
		10E5353625D58FCA00B2AF0A /* Main.storyboard */ = {
			isa = PBXVariantGroup;
			children = (
				10E5353725D58FCA00B2AF0A /* Base */,
			);
			name = Main.storyboard;
			sourceTree = "<group>";
		};
		10E5353B25D58FCA00B2AF0A /* LaunchScreen.storyboard */ = {
			isa = PBXVariantGroup;
			children = (
				10E5353C25D58FCA00B2AF0A /* Base */,
			);
			name = LaunchScreen.storyboard;
			sourceTree = "<group>";
		};
/* End PBXVariantGroup section */

/* Begin XCBuildConfiguration section */
		10E5353F25D58FCA00B2AF0A /* Debug */ = {
			isa = XCBuildConfiguration;
			buildSettings = {
				ALWAYS_SEARCH_USER_PATHS = NO;
				CLANG_ANALYZER_NONNULL = YES;
				CLANG_ANALYZER_NUMBER_OBJECT_CONVERSION = YES_AGGRESSIVE;
				CLANG_CXX_LANGUAGE_STANDARD = "gnu++14";
				CLANG_CXX_LIBRARY = "libc++";
				CLANG_ENABLE_MODULES = YES;
				CLANG_ENABLE_OBJC_ARC = YES;
				CLANG_ENABLE_OBJC_WEAK = YES;
				CLANG_WARN_BLOCK_CAPTURE_AUTORELEASING = YES;
				CLANG_WARN_BOOL_CONVERSION = YES;
				CLANG_WARN_COMMA = YES;
				CLANG_WARN_CONSTANT_CONVERSION = YES;
				CLANG_WARN_DEPRECATED_OBJC_IMPLEMENTATIONS = YES;
				CLANG_WARN_DIRECT_OBJC_ISA_USAGE = YES_ERROR;
				CLANG_WARN_DOCUMENTATION_COMMENTS = YES;
				CLANG_WARN_EMPTY_BODY = YES;
				CLANG_WARN_ENUM_CONVERSION = YES;
				CLANG_WARN_INFINITE_RECURSION = YES;
				CLANG_WARN_INT_CONVERSION = YES;
				CLANG_WARN_NON_LITERAL_NULL_CONVERSION = YES;
				CLANG_WARN_OBJC_IMPLICIT_RETAIN_SELF = YES;
				CLANG_WARN_OBJC_LITERAL_CONVERSION = YES;
				CLANG_WARN_OBJC_ROOT_CLASS = YES_ERROR;
				CLANG_WARN_QUOTED_INCLUDE_IN_FRAMEWORK_HEADER = YES;
				CLANG_WARN_RANGE_LOOP_ANALYSIS = YES;
				CLANG_WARN_STRICT_PROTOTYPES = YES;
				CLANG_WARN_SUSPICIOUS_MOVE = YES;
				CLANG_WARN_UNGUARDED_AVAILABILITY = YES_AGGRESSIVE;
				CLANG_WARN_UNREACHABLE_CODE = YES;
				CLANG_WARN__DUPLICATE_METHOD_MATCH = YES;
				COPY_PHASE_STRIP = NO;
				DEBUG_INFORMATION_FORMAT = dwarf;
				ENABLE_STRICT_OBJC_MSGSEND = YES;
				ENABLE_TESTABILITY = YES;
				GCC_C_LANGUAGE_STANDARD = gnu11;
				GCC_DYNAMIC_NO_PIC = NO;
				GCC_NO_COMMON_BLOCKS = YES;
				GCC_OPTIMIZATION_LEVEL = 0;
				GCC_PREPROCESSOR_DEFINITIONS = (
					"DEBUG=1",
					"$(inherited)",
				);
				GCC_WARN_64_TO_32_BIT_CONVERSION = YES;
				GCC_WARN_ABOUT_RETURN_TYPE = YES_ERROR;
				GCC_WARN_UNDECLARED_SELECTOR = YES;
				GCC_WARN_UNINITIALIZED_AUTOS = YES_AGGRESSIVE;
				GCC_WARN_UNUSED_FUNCTION = YES;
				GCC_WARN_UNUSED_VARIABLE = YES;
				IPHONEOS_DEPLOYMENT_TARGET = 14.4;
				MTL_ENABLE_DEBUG_INFO = INCLUDE_SOURCE;
				MTL_FAST_MATH = YES;
				ONLY_ACTIVE_ARCH = YES;
				SDKROOT = iphoneos;
				SWIFT_ACTIVE_COMPILATION_CONDITIONS = DEBUG;
				SWIFT_OPTIMIZATION_LEVEL = "-Onone";
			};
			name = Debug;
		};
		10E5354025D58FCA00B2AF0A /* Release */ = {
			isa = XCBuildConfiguration;
			buildSettings = {
				ALWAYS_SEARCH_USER_PATHS = NO;
				CLANG_ANALYZER_NONNULL = YES;
				CLANG_ANALYZER_NUMBER_OBJECT_CONVERSION = YES_AGGRESSIVE;
				CLANG_CXX_LANGUAGE_STANDARD = "gnu++14";
				CLANG_CXX_LIBRARY = "libc++";
				CLANG_ENABLE_MODULES = YES;
				CLANG_ENABLE_OBJC_ARC = YES;
				CLANG_ENABLE_OBJC_WEAK = YES;
				CLANG_WARN_BLOCK_CAPTURE_AUTORELEASING = YES;
				CLANG_WARN_BOOL_CONVERSION = YES;
				CLANG_WARN_COMMA = YES;
				CLANG_WARN_CONSTANT_CONVERSION = YES;
				CLANG_WARN_DEPRECATED_OBJC_IMPLEMENTATIONS = YES;
				CLANG_WARN_DIRECT_OBJC_ISA_USAGE = YES_ERROR;
				CLANG_WARN_DOCUMENTATION_COMMENTS = YES;
				CLANG_WARN_EMPTY_BODY = YES;
				CLANG_WARN_ENUM_CONVERSION = YES;
				CLANG_WARN_INFINITE_RECURSION = YES;
				CLANG_WARN_INT_CONVERSION = YES;
				CLANG_WARN_NON_LITERAL_NULL_CONVERSION = YES;
				CLANG_WARN_OBJC_IMPLICIT_RETAIN_SELF = YES;
				CLANG_WARN_OBJC_LITERAL_CONVERSION = YES;
				CLANG_WARN_OBJC_ROOT_CLASS = YES_ERROR;
				CLANG_WARN_QUOTED_INCLUDE_IN_FRAMEWORK_HEADER = YES;
				CLANG_WARN_RANGE_LOOP_ANALYSIS = YES;
				CLANG_WARN_STRICT_PROTOTYPES = YES;
				CLANG_WARN_SUSPICIOUS_MOVE = YES;
				CLANG_WARN_UNGUARDED_AVAILABILITY = YES_AGGRESSIVE;
				CLANG_WARN_UNREACHABLE_CODE = YES;
				CLANG_WARN__DUPLICATE_METHOD_MATCH = YES;
				COPY_PHASE_STRIP = NO;
				DEBUG_INFORMATION_FORMAT = "dwarf-with-dsym";
				ENABLE_NS_ASSERTIONS = NO;
				ENABLE_STRICT_OBJC_MSGSEND = YES;
				GCC_C_LANGUAGE_STANDARD = gnu11;
				GCC_NO_COMMON_BLOCKS = YES;
				GCC_WARN_64_TO_32_BIT_CONVERSION = YES;
				GCC_WARN_ABOUT_RETURN_TYPE = YES_ERROR;
				GCC_WARN_UNDECLARED_SELECTOR = YES;
				GCC_WARN_UNINITIALIZED_AUTOS = YES_AGGRESSIVE;
				GCC_WARN_UNUSED_FUNCTION = YES;
				GCC_WARN_UNUSED_VARIABLE = YES;
				IPHONEOS_DEPLOYMENT_TARGET = 14.4;
				MTL_ENABLE_DEBUG_INFO = NO;
				MTL_FAST_MATH = YES;
				SDKROOT = iphoneos;
				SWIFT_COMPILATION_MODE = wholemodule;
				SWIFT_OPTIMIZATION_LEVEL = "-O";
				VALIDATE_PRODUCT = YES;
			};
			name = Release;
		};
		10E5354225D58FCA00B2AF0A /* Debug */ = {
			isa = XCBuildConfiguration;
			buildSettings = {
				ASSETCATALOG_COMPILER_APPICON_NAME = AppIcon;
				ASSETCATALOG_COMPILER_GLOBAL_ACCENT_COLOR_NAME = AccentColor;
				CODE_SIGN_STYLE = Automatic;
				DEVELOPMENT_TEAM = 3PH7TXBF7V;
				INFOPLIST_FILE = ARScientistRecog/Info.plist;
				LD_RUNPATH_SEARCH_PATHS = (
					"$(inherited)",
					"@executable_path/Frameworks",
				);
				PRODUCT_BUNDLE_IDENTIFIER = jonathanShoemaker.ARScientistRecog;
				PRODUCT_NAME = "$(TARGET_NAME)";
				SWIFT_VERSION = 5.0;
				TARGETED_DEVICE_FAMILY = "1,2";
			};
			name = Debug;
		};
		10E5354325D58FCA00B2AF0A /* Release */ = {
			isa = XCBuildConfiguration;
			buildSettings = {
				ASSETCATALOG_COMPILER_APPICON_NAME = AppIcon;
				ASSETCATALOG_COMPILER_GLOBAL_ACCENT_COLOR_NAME = AccentColor;
				CODE_SIGN_STYLE = Automatic;
				DEVELOPMENT_TEAM = 3PH7TXBF7V;
				INFOPLIST_FILE = ARScientistRecog/Info.plist;
				LD_RUNPATH_SEARCH_PATHS = (
					"$(inherited)",
					"@executable_path/Frameworks",
				);
				PRODUCT_BUNDLE_IDENTIFIER = jonathanShoemaker.ARScientistRecog;
				PRODUCT_NAME = "$(TARGET_NAME)";
				SWIFT_VERSION = 5.0;
				TARGETED_DEVICE_FAMILY = "1,2";
			};
			name = Release;
		};
/* End XCBuildConfiguration section */

/* Begin XCConfigurationList section */
		10E5352825D58FCA00B2AF0A /* Build configuration list for PBXProject "ARScientistRecog" */ = {
			isa = XCConfigurationList;
			buildConfigurations = (
				10E5353F25D58FCA00B2AF0A /* Debug */,
				10E5354025D58FCA00B2AF0A /* Release */,
			);
			defaultConfigurationIsVisible = 0;
			defaultConfigurationName = Release;
		};
		10E5354125D58FCA00B2AF0A /* Build configuration list for PBXNativeTarget "ARScientistRecog" */ = {
			isa = XCConfigurationList;
			buildConfigurations = (
				10E5354225D58FCA00B2AF0A /* Debug */,
				10E5354325D58FCA00B2AF0A /* Release */,
			);
			defaultConfigurationIsVisible = 0;
			defaultConfigurationName = Release;
		};
/* End XCConfigurationList section */
	};
	rootObject = 10E5352525D58FCA00B2AF0A /* Project object */;
}
